
Microsoft Visual Studio Solution File, Format Version 12.00
# Visual Studio Version 16
VisualStudioVersion = 16.0.30523.141
MinimumVisualStudioVersion = 10.0.40219.1
Project("{FAE04EC0-301F-11D3-BF4B-00C04F79EFBC}") = "CadastroCliente", "CadastroCliente\CadastroCliente.csproj", "{AD41B3CA-D524-44E2-A1D0-C3CB4FEF73C3}"
EndProject
Global
	GlobalSection(SolutionConfigurationPlatforms) = preSolution
		Debug|Any CPU = Debug|Any CPU
		Release|Any CPU = Release|Any CPU
	EndGlobalSection
	GlobalSection(ProjectConfigurationPlatforms) = postSolution
		{AD41B3CA-D524-44E2-A1D0-C3CB4FEF73C3}.Debug|Any CPU.ActiveCfg = Debug|Any CPU
		{AD41B3CA-D524-44E2-A1D0-C3CB4FEF73C3}.Debug|Any CPU.Build.0 = Debug|Any CPU
		{AD41B3CA-D524-44E2-A1D0-C3CB4FEF73C3}.Release|Any CPU.ActiveCfg = Release|Any CPU
		{AD41B3CA-D524-44E2-A1D0-C3CB4FEF73C3}.Release|Any CPU.Build.0 = Release|Any CPU
	EndGlobalSection
	GlobalSection(SolutionProperties) = preSolution
		HideSolutionNode = FALSE
	EndGlobalSection
	GlobalSection(ExtensibilityGlobals) = postSolution
		SolutionGuid = {1EC809AF-3DD1-4C05-BE3D-B84063DCDEC4}
	EndGlobalSection
EndGlobal
